
Microsoft Visual Studio Solution File, Format Version 12.00
# Visual Studio Version 16
VisualStudioVersion = 16.0.32901.82
MinimumVisualStudioVersion = 10.0.40219.1
Project("{FAE04EC0-301F-11D3-BF4B-00C04F79EFBC}") = "gitApp", "gitApp.csproj", "{95656633-8AF1-41D6-956B-914FC6B96735}"
EndProject
Global
	GlobalSection(SolutionConfigurationPlatforms) = preSolution
		Debug|Any CPU = Debug|Any CPU
		Release|Any CPU = Release|Any CPU
	EndGlobalSection
	GlobalSection(ProjectConfigurationPlatforms) = postSolution
		{95656633-8AF1-41D6-956B-914FC6B96735}.Debug|Any CPU.ActiveCfg = Debug|Any CPU
		{95656633-8AF1-41D6-956B-914FC6B96735}.Debug|Any CPU.Build.0 = Debug|Any CPU
		{95656633-8AF1-41D6-956B-914FC6B96735}.Release|Any CPU.ActiveCfg = Release|Any CPU
		{95656633-8AF1-41D6-956B-914FC6B96735}.Release|Any CPU.Build.0 = Release|Any CPU
	EndGlobalSection
	GlobalSection(SolutionProperties) = preSolution
		HideSolutionNode = FALSE
	EndGlobalSection
	GlobalSection(ExtensibilityGlobals) = postSolution
		SolutionGuid = {DB83DAC3-7473-44E9-A7BB-DF76CAF19A67}
	EndGlobalSection
EndGlobal
